
Microsoft Visual Studio Solution File, Format Version 12.00
# Visual Studio Version 16
VisualStudioVersion = 16.0.29905.134
MinimumVisualStudioVersion = 10.0.40219.1
Project("{FAE04EC0-301F-11D3-BF4B-00C04F79EFBC}") = "WFS-MR-FLEX-DevSetup", "WFS-MR-FLEX-DevSetup.csproj", "{362FE42D-C9D5-4724-BA69-E4F40F6A41B1}"
EndProject
Global
	GlobalSection(SolutionConfigurationPlatforms) = preSolution
		Debug|Any CPU = Debug|Any CPU
		Release|Any CPU = Release|Any CPU
	EndGlobalSection
	GlobalSection(ProjectConfigurationPlatforms) = postSolution
		{362FE42D-C9D5-4724-BA69-E4F40F6A41B1}.Debug|Any CPU.ActiveCfg = Debug|Any CPU
		{362FE42D-C9D5-4724-BA69-E4F40F6A41B1}.Debug|Any CPU.Build.0 = Debug|Any CPU
		{362FE42D-C9D5-4724-BA69-E4F40F6A41B1}.Release|Any CPU.ActiveCfg = Release|Any CPU
		{362FE42D-C9D5-4724-BA69-E4F40F6A41B1}.Release|Any CPU.Build.0 = Release|Any CPU
	EndGlobalSection
	GlobalSection(SolutionProperties) = preSolution
		HideSolutionNode = FALSE
	EndGlobalSection
	GlobalSection(ExtensibilityGlobals) = postSolution
		SolutionGuid = {54819DC1-8750-4DCB-8A40-A68FF9788838}
	EndGlobalSection
EndGlobal
